
Microsoft Visual Studio Solution File, Format Version 12.00
# Visual Studio 14
VisualStudioVersion = 14.0.25123.0
MinimumVisualStudioVersion = 10.0.40219.1
Project("{1EF549E5-FBDE-4B47-AAC7-E332E0AF2982}") = "Sitecore.Support.94416.100803", "Sitecore.Support.94416.100803\Sitecore.Support.94416.100803.csproj", "{2EA6EC00-CF39-488A-BA7B-B2D01C1EF309}"
EndProject
Global
	GlobalSection(SolutionConfigurationPlatforms) = preSolution
		Debug|Any CPU = Debug|Any CPU
		Release|Any CPU = Release|Any CPU
	EndGlobalSection
	GlobalSection(ProjectConfigurationPlatforms) = postSolution
		{2EA6EC00-CF39-488A-BA7B-B2D01C1EF309}.Debug|Any CPU.ActiveCfg = Debug|Any CPU
		{2EA6EC00-CF39-488A-BA7B-B2D01C1EF309}.Debug|Any CPU.Build.0 = Debug|Any CPU
		{2EA6EC00-CF39-488A-BA7B-B2D01C1EF309}.Release|Any CPU.ActiveCfg = Release|Any CPU
		{2EA6EC00-CF39-488A-BA7B-B2D01C1EF309}.Release|Any CPU.Build.0 = Release|Any CPU
	EndGlobalSection
	GlobalSection(SolutionProperties) = preSolution
		HideSolutionNode = FALSE
	EndGlobalSection
EndGlobal
